<Solution>
  <Project Path="ADOPM2_04_01\ADOPM2_04_01.csproj" />
  <Project Path="ADOPM2_04_02\ADOPM2_04_02.csproj" />
  <Project Path="ADOPM2_04_03\ADOPM2_04_03.csproj" />
  <Project Path="ADOPM2_04_04\ADOPM2_04_04.csproj" />
  <Project Path="ADOPM2_04_05\ADOPM2_04_05.csproj" />
  <Project Path="ADOPM2_04_06\ADOPM2_04_06.csproj" />
  <Project Path="ADOPM2_04_07\ADOPM2_04_07.csproj" />
  <Project Path="ADOPM2_04_08\ADOPM2_04_08.csproj" />
</Solution>
